// !$*UTF8*$!
{
	archiveVersion = 1;
	classes = {
	};
	objectVersion = 42;
	objects = {

/* Begin PBXBuildFile section */
		D22908DC09D8A58400A13A9B /* ShellPlay.c in Sources */ = {isa = PBXBuildFile; fileRef = D22908DB09D8A58400A13A9B /* ShellPlay.c */; };
		D22908F209D8A5DF00A13A9B /* CoreAudio.framework in Frameworks */ = {isa = PBXBuildFile; fileRef = D22908F109D8A5DF00A13A9B /* CoreAudio.framework */; };
		D22908F509D8A60E00A13A9B /* mikmod.h in CopyFiles */ = {isa = PBXBuildFile; fileRef = D22908F409D8A60E00A13A9B /* mikmod.h */; };
		D22EF5480A378E9700B3B95C /* libmikmod.a in Frameworks */ = {isa = PBXBuildFile; fileRef = D22EF5470A378E9700B3B95C /* libmikmod.a */; };
/* End PBXBuildFile section */

/* Begin PBXCopyFilesBuildPhase section */
		8DD76FAF0486AB0100D96B5E /* CopyFiles */ = {
			isa = PBXCopyFilesBuildPhase;
			buildActionMask = 8;
			dstPath = /usr/share/man/man1/;
			dstSubfolderSpec = 0;
			files = (
				D22908F509D8A60E00A13A9B /* mikmod.h in CopyFiles */,
			);
			runOnlyForDeploymentPostprocessing = 1;
		};
/* End PBXCopyFilesBuildPhase section */

/* Begin PBXFileReference section */
		8DD76FB20486AB0100D96B5E /* ShellPlay */ = {isa = PBXFileReference; explicitFileType = "compiled.mach-o.executable"; includeInIndex = 0; path = ShellPlay; sourceTree = BUILT_PRODUCTS_DIR; };
		D22908DB09D8A58400A13A9B /* ShellPlay.c */ = {isa = PBXFileReference; fileEncoding = 30; lastKnownFileType = sourcecode.c.c; path = ShellPlay.c; sourceTree = "<group>"; };
		D22908F109D8A5DF00A13A9B /* CoreAudio.framework */ = {isa = PBXFileReference; lastKnownFileType = wrapper.framework; name = CoreAudio.framework; path = /System/Library/Frameworks/CoreAudio.framework; sourceTree = "<absolute>"; };
		D22908F409D8A60E00A13A9B /* mikmod.h */ = {isa = PBXFileReference; fileEncoding = 30; lastKnownFileType = sourcecode.c.h; name = mikmod.h; path = "../../Binaries/Static Library/mikmod.h"; sourceTree = SOURCE_ROOT; };
		D22EF5470A378E9700B3B95C /* libmikmod.a */ = {isa = PBXFileReference; lastKnownFileType = archive.ar; name = libmikmod.a; path = "../../Binaries/Static Library/libmikmod.a"; sourceTree = SOURCE_ROOT; };
/* End PBXFileReference section */

/* Begin PBXFrameworksBuildPhase section */
		8DD76FAD0486AB0100D96B5E /* Frameworks */ = {
			isa = PBXFrameworksBuildPhase;
			buildActionMask = 2147483647;
			files = (
				D22908F209D8A5DF00A13A9B /* CoreAudio.framework in Frameworks */,
				D22EF5480A378E9700B3B95C /* libmikmod.a in Frameworks */,
			);
			runOnlyForDeploymentPostprocessing = 0;
		};
/* End PBXFrameworksBuildPhase section */

/* Begin PBXGroup section */
		08FB7794FE84155DC02AAC07 /* ShellPlay */ = {
			isa = PBXGroup;
			children = (
				08FB7795FE84155DC02AAC07 /* Source */,
				D22908E809D8A59F00A13A9B /* External Frameworks and Libraries */,
				1AB674ADFE9D54B511CA2CBB /* Products */,
			);
			name = ShellPlay;
			sourceTree = "<group>";
		};
		08FB7795FE84155DC02AAC07 /* Source */ = {
			isa = PBXGroup;
			children = (
				D22908DB09D8A58400A13A9B /* ShellPlay.c */,
			);
			name = Source;
			sourceTree = "<group>";
		};
		1AB674ADFE9D54B511CA2CBB /* Products */ = {
			isa = PBXGroup;
			children = (
				8DD76FB20486AB0100D96B5E /* ShellPlay */,
			);
			name = Products;
			sourceTree = "<group>";
		};
		D22908E809D8A59F00A13A9B /* External Frameworks and Libraries */ = {
			isa = PBXGroup;
			children = (
				D22908F309D8A60200A13A9B /* libmikmod */,
				D22908F109D8A5DF00A13A9B /* CoreAudio.framework */,
			);
			name = "External Frameworks and Libraries";
			sourceTree = "<group>";
		};
		D22908F309D8A60200A13A9B /* libmikmod */ = {
			isa = PBXGroup;
			children = (
				D22EF5470A378E9700B3B95C /* libmikmod.a */,
				D22908F409D8A60E00A13A9B /* mikmod.h */,
			);
			name = libmikmod;
			sourceTree = "<group>";
		};
/* End PBXGroup section */

/* Begin PBXNativeTarget section */
		8DD76FA90486AB0100D96B5E /* ShellPlay */ = {
			isa = PBXNativeTarget;
			buildConfigurationList = 1DEB928508733DD80010E9CD /* Build configuration list for PBXNativeTarget "ShellPlay" */;
			buildPhases = (
				8DD76FAB0486AB0100D96B5E /* Sources */,
				8DD76FAD0486AB0100D96B5E /* Frameworks */,
				8DD76FAF0486AB0100D96B5E /* CopyFiles */,
			);
			buildRules = (
			);
			dependencies = (
			);
			name = ShellPlay;
			productInstallPath = "$(HOME)/bin";
			productName = ShellPlay;
			productReference = 8DD76FB20486AB0100D96B5E /* ShellPlay */;
			productType = "com.apple.product-type.tool";
		};
/* End PBXNativeTarget section */

/* Begin PBXProject section */
		08FB7793FE84155DC02AAC07 /* Project object */ = {
			isa = PBXProject;
			buildConfigurationList = 1DEB928908733DD80010E9CD /* Build configuration list for PBXProject "ShellPlay" */;
			hasScannedForEncodings = 1;
			mainGroup = 08FB7794FE84155DC02AAC07 /* ShellPlay */;
			projectDirPath = "";
			targets = (
				8DD76FA90486AB0100D96B5E /* ShellPlay */,
			);
		};
/* End PBXProject section */

/* Begin PBXSourcesBuildPhase section */
		8DD76FAB0486AB0100D96B5E /* Sources */ = {
			isa = PBXSourcesBuildPhase;
			buildActionMask = 2147483647;
			files = (
				D22908DC09D8A58400A13A9B /* ShellPlay.c in Sources */,
			);
			runOnlyForDeploymentPostprocessing = 0;
		};
/* End PBXSourcesBuildPhase section */

/* Begin XCBuildConfiguration section */
		1DEB928608733DD80010E9CD /* Debug */ = {
			isa = XCBuildConfiguration;
			buildSettings = {
				COPY_PHASE_STRIP = NO;
				GCC_DYNAMIC_NO_PIC = NO;
				GCC_ENABLE_FIX_AND_CONTINUE = YES;
				GCC_MODEL_TUNING = G5;
				GCC_OPTIMIZATION_LEVEL = 0;
				GCC_PREPROCESSOR_DEFINITIONS = "";
				GCC_VERSION_i386 = 4.0;
				GCC_VERSION_ppc = 3.3;
				INSTALL_PATH = "$(HOME)/bin";
				LIBRARY_SEARCH_PATHS = (
					"$(LIBRARY_SEARCH_PATHS)",
					"$(LIBRARY_SEARCH_PATHS_QUOTED_1)",
				);
				LIBRARY_SEARCH_PATHS_QUOTED_1 = "$(SRCROOT)/../../Binaries/Static\\ Library";
				MACOSX_DEPLOYMENT_TARGET = 10.1;
				PRODUCT_NAME = ShellPlay;
				ZERO_LINK = NO;
			};
			name = Debug;
		};
		1DEB928708733DD80010E9CD /* Release */ = {
			isa = XCBuildConfiguration;
			buildSettings = {
				ARCHS = (
					ppc,
					i386,
				);
				GCC_GENERATE_DEBUGGING_SYMBOLS = NO;
				GCC_MODEL_TUNING = G5;
				GCC_PREPROCESSOR_DEFINITIONS = "";
				GCC_VERSION_i386 = 4.0;
				GCC_VERSION_ppc = 3.3;
				INSTALL_PATH = "$(HOME)/bin";
				LIBRARY_SEARCH_PATHS = (
					"$(LIBRARY_SEARCH_PATHS)",
					"$(LIBRARY_SEARCH_PATHS_QUOTED_1)",
				);
				LIBRARY_SEARCH_PATHS_QUOTED_1 = "\"$(SRCROOT)/../../Binaries/Static Library\"";
				MACOSX_DEPLOYMENT_TARGET = 10.1;
				PRODUCT_NAME = ShellPlay;
				SDKROOT = /Developer/SDKs/MacOSX10.4u.sdk;
				ZERO_LINK = NO;
			};
			name = Release;
		};
		1DEB928A08733DD80010E9CD /* Debug */ = {
			isa = XCBuildConfiguration;
			buildSettings = {
				GCC_WARN_ABOUT_RETURN_TYPE = YES;
				GCC_WARN_UNUSED_VARIABLE = YES;
				PREBINDING = NO;
				SDKROOT = /Developer/SDKs/MacOSX10.2.8.sdk;
			};
			name = Debug;
		};
		1DEB928B08733DD80010E9CD /* Release */ = {
			isa = XCBuildConfiguration;
			buildSettings = {
				GCC_WARN_ABOUT_RETURN_TYPE = YES;
				GCC_WARN_UNUSED_VARIABLE = YES;
				PREBINDING = NO;
				SDKROOT = /Developer/SDKs/MacOSX10.2.8.sdk;
			};
			name = Release;
		};
/* End XCBuildConfiguration section */

/* Begin XCConfigurationList section */
		1DEB928508733DD80010E9CD /* Build configuration list for PBXNativeTarget "ShellPlay" */ = {
			isa = XCConfigurationList;
			buildConfigurations = (
				1DEB928608733DD80010E9CD /* Debug */,
				1DEB928708733DD80010E9CD /* Release */,
			);
			defaultConfigurationIsVisible = 0;
			defaultConfigurationName = Release;
		};
		1DEB928908733DD80010E9CD /* Build configuration list for PBXProject "ShellPlay" */ = {
			isa = XCConfigurationList;
			buildConfigurations = (
				1DEB928A08733DD80010E9CD /* Debug */,
				1DEB928B08733DD80010E9CD /* Release */,
			);
			defaultConfigurationIsVisible = 0;
			defaultConfigurationName = Release;
		};
/* End XCConfigurationList section */
	};
	rootObject = 08FB7793FE84155DC02AAC07 /* Project object */;
}
